version: 5
environments:
  default:
    channels:
    - url: https://conda.anaconda.org/conda-forge/
    indexes:
    - https://pypi.org/simple
    packages:
      linux-64:
      - conda: https://conda.anaconda.org/conda-forge/linux-64/_libgcc_mutex-0.1-conda_forge.tar.bz2
      - conda: https://conda.anaconda.org/conda-forge/linux-64/_openmp_mutex-4.5-2_gnu.tar.bz2
      - conda: https://conda.anaconda.org/conda-forge/noarch/asgiref-3.8.1-pyhd8ed1ab_0.conda
      - conda: https://conda.anaconda.org/conda-forge/noarch/branca-0.7.2-pyhd8ed1ab_0.conda
      - conda: https://conda.anaconda.org/conda-forge/linux-64/brotli-python-1.1.0-py311hb755f60_1.conda
      - conda: https://conda.anaconda.org/conda-forge/linux-64/bzip2-1.0.8-hd590300_5.conda
      - conda: https://conda.anaconda.org/conda-forge/linux-64/ca-certificates-2024.2.2-hbcca054_0.conda
      - conda: https://conda.anaconda.org/conda-forge/noarch/certifi-2024.2.2-pyhd8ed1ab_0.conda
      - conda: https://conda.anaconda.org/conda-forge/noarch/charset-normalizer-3.3.2-pyhd8ed1ab_0.conda
      - conda: https://conda.anaconda.org/conda-forge/noarch/django-5.0.6-pyhd8ed1ab_0.conda
      - conda: https://conda.anaconda.org/conda-forge/noarch/folium-0.16.0-pyhd8ed1ab_0.conda
      - conda: https://conda.anaconda.org/conda-forge/noarch/idna-3.7-pyhd8ed1ab_0.conda
      - conda: https://conda.anaconda.org/conda-forge/noarch/jinja2-3.1.4-pyhd8ed1ab_0.conda
      - conda: https://conda.anaconda.org/conda-forge/linux-64/ld_impl_linux-64-2.40-h55db66e_0.conda
      - conda: https://conda.anaconda.org/conda-forge/linux-64/libblas-3.9.0-22_linux64_openblas.conda
      - conda: https://conda.anaconda.org/conda-forge/linux-64/libcblas-3.9.0-22_linux64_openblas.conda
      - conda: https://conda.anaconda.org/conda-forge/linux-64/libffi-3.4.2-h7f98852_5.tar.bz2
      - conda: https://conda.anaconda.org/conda-forge/linux-64/libgcc-ng-13.2.0-h77fa898_7.conda
      - conda: https://conda.anaconda.org/conda-forge/linux-64/libgfortran-ng-13.2.0-h69a702a_7.conda
      - conda: https://conda.anaconda.org/conda-forge/linux-64/libgfortran5-13.2.0-hca663fb_7.conda
      - conda: https://conda.anaconda.org/conda-forge/linux-64/libgomp-13.2.0-h77fa898_7.conda
      - conda: https://conda.anaconda.org/conda-forge/linux-64/liblapack-3.9.0-22_linux64_openblas.conda
      - conda: https://conda.anaconda.org/conda-forge/linux-64/libnsl-2.0.1-hd590300_0.conda
      - conda: https://conda.anaconda.org/conda-forge/linux-64/libopenblas-0.3.27-pthreads_h413a1c8_0.conda
      - conda: https://conda.anaconda.org/conda-forge/linux-64/libsqlite-3.45.3-h2797004_0.conda
      - conda: https://conda.anaconda.org/conda-forge/linux-64/libstdcxx-ng-13.2.0-hc0a3c3a_7.conda
      - conda: https://conda.anaconda.org/conda-forge/linux-64/libuuid-2.38.1-h0b41bf4_0.conda
      - conda: https://conda.anaconda.org/conda-forge/linux-64/libzlib-1.2.13-hd590300_5.conda
      - conda: https://conda.anaconda.org/conda-forge/linux-64/markupsafe-2.1.5-py311h459d7ec_0.conda
      - conda: https://conda.anaconda.org/conda-forge/linux-64/ncurses-6.5-h59595ed_0.conda
      - conda: https://conda.anaconda.org/conda-forge/linux-64/numpy-1.26.4-py311h64a7726_0.conda
      - conda: https://conda.anaconda.org/conda-forge/linux-64/openssl-3.3.0-hd590300_0.conda
      - conda: https://conda.anaconda.org/conda-forge/noarch/pysocks-1.7.1-pyha2e5f31_6.tar.bz2
      - conda: https://conda.anaconda.org/conda-forge/linux-64/python-3.11.0-he550d4f_1_cpython.conda
      - conda: https://conda.anaconda.org/conda-forge/linux-64/python_abi-3.11-4_cp311.conda
      - conda: https://conda.anaconda.org/conda-forge/linux-64/readline-8.2-h8228510_1.conda
      - conda: https://conda.anaconda.org/conda-forge/noarch/requests-2.31.0-pyhd8ed1ab_0.conda
      - conda: https://conda.anaconda.org/conda-forge/noarch/sqlparse-0.5.0-pyhd8ed1ab_0.conda
      - conda: https://conda.anaconda.org/conda-forge/linux-64/tk-8.6.13-noxft_h4845f30_101.conda
      - conda: https://conda.anaconda.org/conda-forge/noarch/typing_extensions-4.11.0-pyha770c72_0.conda
      - conda: https://conda.anaconda.org/conda-forge/noarch/tzdata-2024a-h0c530f3_0.conda
      - conda: https://conda.anaconda.org/conda-forge/noarch/urllib3-2.2.1-pyhd8ed1ab_0.conda
      - conda: https://conda.anaconda.org/conda-forge/noarch/xyzservices-2024.4.0-pyhd8ed1ab_0.conda
      - conda: https://conda.anaconda.org/conda-forge/linux-64/xz-5.2.6-h166bdaf_0.tar.bz2
      - pypi: .
packages:
- kind: conda
  name: _libgcc_mutex
  version: '0.1'
  build: conda_forge
  subdir: linux-64
  url: https://conda.anaconda.org/conda-forge/linux-64/_libgcc_mutex-0.1-conda_forge.tar.bz2
  sha256: fe51de6107f9edc7aa4f786a70f4a883943bc9d39b3bb7307c04c41410990726
  md5: d7c89558ba9fa0495403155b64376d81
  license: None
  size: 2562
  timestamp: 1578324546067
- kind: conda
  name: _openmp_mutex
  version: '4.5'
  build: 2_gnu
  build_number: 16
  subdir: linux-64
  url: https://conda.anaconda.org/conda-forge/linux-64/_openmp_mutex-4.5-2_gnu.tar.bz2
  sha256: fbe2c5e56a653bebb982eda4876a9178aedfc2b545f25d0ce9c4c0b508253d22
  md5: 73aaf86a425cc6e73fcf236a5a46396d
  depends:
  - _libgcc_mutex 0.1 conda_forge
  - libgomp >=7.5.0
  constrains:
  - openmp_impl 9999
  license: BSD-3-Clause
  license_family: BSD
  size: 23621
  timestamp: 1650670423406
- kind: conda
  name: asgiref
  version: 3.8.1
  build: pyhd8ed1ab_0
  subdir: noarch
  noarch: python
  url: https://conda.anaconda.org/conda-forge/noarch/asgiref-3.8.1-pyhd8ed1ab_0.conda
  sha256: 85fc8f54361b922d744c8728a7a711cab390b78941e18a3570dabfac8169e5f9
  md5: b5c2e1034ccc76fb14031637924880eb
  depends:
  - python >=3.8
  - typing_extensions >=4
  license: BSD-3-Clause
  license_family: BSD
  purls:
  - pkg:pypi/asgiref
  size: 26347
  timestamp: 1711269034814
- kind: pypi
  name: biwackrater
  version: 0.1.0
  path: .
  sha256: cf6e0d72929bee83710b17b3e6ea7b1c18a750d6c4a0aa8b7b59cdd6302f3875
  requires_python: ==3.11
  editable: true
- kind: conda
  name: branca
  version: 0.7.2
  build: pyhd8ed1ab_0
  subdir: noarch
  noarch: python
  url: https://conda.anaconda.org/conda-forge/noarch/branca-0.7.2-pyhd8ed1ab_0.conda
  sha256: 9f7df349cb5a8852804d5bb1f5f49e3076a55ac7229b9c114bb5f7461f497ba7
  md5: 5f1c719f1cac0aee5e6bd6ca7d54a7fa
  depends:
  - jinja2 >=3
  - python >=3.7
  license: MIT
  license_family: MIT
  purls:
  - pkg:pypi/branca
  size: 28923
  timestamp: 1714071906758
- kind: conda
  name: brotli-python
  version: 1.1.0
  build: py311hb755f60_1
  build_number: 1
  subdir: linux-64
  url: https://conda.anaconda.org/conda-forge/linux-64/brotli-python-1.1.0-py311hb755f60_1.conda
  sha256: 559093679e9fdb6061b7b80ca0f9a31fe6ffc213f1dae65bc5c82e2cd1a94107
  md5: cce9e7c3f1c307f2a5fb08a2922d6164
  depends:
  - libgcc-ng >=12
  - libstdcxx-ng >=12
  - python >=3.11,<3.12.0a0
  - python_abi 3.11.* *_cp311
  constrains:
  - libbrotlicommon 1.1.0 hd590300_1
  license: MIT
  license_family: MIT
  purls:
  - pkg:pypi/brotli
  size: 351340
  timestamp: 1695990160360
- kind: conda
  name: bzip2
  version: 1.0.8
  build: hd590300_5
  build_number: 5
  subdir: linux-64
  url: https://conda.anaconda.org/conda-forge/linux-64/bzip2-1.0.8-hd590300_5.conda
  sha256: 242c0c324507ee172c0e0dd2045814e746bb303d1eb78870d182ceb0abc726a8
  md5: 69b8b6202a07720f448be700e300ccf4
  depends:
  - libgcc-ng >=12
  license: bzip2-1.0.6
  license_family: BSD
  size: 254228
  timestamp: 1699279927352
- kind: conda
  name: ca-certificates
  version: 2024.2.2
  build: hbcca054_0
  subdir: linux-64
  url: https://conda.anaconda.org/conda-forge/linux-64/ca-certificates-2024.2.2-hbcca054_0.conda
  sha256: 91d81bfecdbb142c15066df70cc952590ae8991670198f92c66b62019b251aeb
  md5: 2f4327a1cbe7f022401b236e915a5fef
  license: ISC
  size: 155432
  timestamp: 1706843687645
- kind: conda
  name: certifi
  version: 2024.2.2
  build: pyhd8ed1ab_0
  subdir: noarch
  noarch: python
  url: https://conda.anaconda.org/conda-forge/noarch/certifi-2024.2.2-pyhd8ed1ab_0.conda
  sha256: f1faca020f988696e6b6ee47c82524c7806380b37cfdd1def32f92c326caca54
  md5: 0876280e409658fc6f9e75d035960333
  depends:
  - python >=3.7
  license: ISC
  purls:
  - pkg:pypi/certifi
  size: 160559
  timestamp: 1707022289175
- kind: conda
  name: charset-normalizer
  version: 3.3.2
  build: pyhd8ed1ab_0
  subdir: noarch
  noarch: python
  url: https://conda.anaconda.org/conda-forge/noarch/charset-normalizer-3.3.2-pyhd8ed1ab_0.conda
  sha256: 20cae47d31fdd58d99c4d2e65fbdcefa0b0de0c84e455ba9d6356a4bdbc4b5b9
  md5: 7f4a9e3fcff3f6356ae99244a014da6a
  depends:
  - python >=3.7
  license: MIT
  license_family: MIT
  purls:
  - pkg:pypi/charset-normalizer
  size: 46597
  timestamp: 1698833765762
- kind: conda
  name: django
  version: 5.0.6
  build: pyhd8ed1ab_0
  subdir: noarch
  noarch: python
  url: https://conda.anaconda.org/conda-forge/noarch/django-5.0.6-pyhd8ed1ab_0.conda
  sha256: bbbc9db65369c978948b12846ca8435310d28d7d49f60d19fb4c18234d94aa95
  md5: 8451875d7b41dbab4d282f02719f3d6d
  depends:
  - asgiref >=3.7.0,<4
  - python >=3.10
  - sqlparse >=0.3.1
  license: BSD-3-Clause
  license_family: BSD
  purls:
  - pkg:pypi/django
  size: 3759132
  timestamp: 1715181452565
- kind: conda
  name: folium
  version: 0.16.0
  build: pyhd8ed1ab_0
  subdir: noarch
  noarch: python
  url: https://conda.anaconda.org/conda-forge/noarch/folium-0.16.0-pyhd8ed1ab_0.conda
  sha256: 9696ffafd873a40815312e9ea245a863b7796b73dd2759f93174cd65d6bf2144
  md5: cb1d2aa705a5b1f0fbdabd1beebce205
  depends:
  - branca >=0.6.0
  - jinja2 >=2.9
  - numpy
  - python >=3.7
  - requests
  - xyzservices
  license: MIT
  license_family: MIT
  purls:
  - pkg:pypi/folium
  size: 73615
  timestamp: 1709209389903
- kind: conda
  name: idna
  version: '3.7'
  build: pyhd8ed1ab_0
  subdir: noarch
  noarch: python
  url: https://conda.anaconda.org/conda-forge/noarch/idna-3.7-pyhd8ed1ab_0.conda
  sha256: 9687ee909ed46169395d4f99a0ee94b80a52f87bed69cd454bb6d37ffeb0ec7b
  md5: c0cc1420498b17414d8617d0b9f506ca
  depends:
  - python >=3.6
  license: BSD-3-Clause
  license_family: BSD
  purls:
  - pkg:pypi/idna
  size: 52718
  timestamp: 1713279497047
- kind: conda
  name: jinja2
  version: 3.1.4
  build: pyhd8ed1ab_0
  subdir: noarch
  noarch: python
  url: https://conda.anaconda.org/conda-forge/noarch/jinja2-3.1.4-pyhd8ed1ab_0.conda
  sha256: 27380d870d42d00350d2d52598cddaf02f9505fb24be09488da0c9b8d1428f2d
  md5: 7b86ecb7d3557821c649b3c31e3eb9f2
  depends:
  - markupsafe >=2.0
  - python >=3.7
  license: BSD-3-Clause
  license_family: BSD
  purls:
  - pkg:pypi/jinja2
  size: 111565
  timestamp: 1715127275924
- kind: conda
  name: ld_impl_linux-64
  version: '2.40'
  build: h55db66e_0
  subdir: linux-64
  url: https://conda.anaconda.org/conda-forge/linux-64/ld_impl_linux-64-2.40-h55db66e_0.conda
  sha256: ef969eee228cfb71e55146eaecc6af065f468cb0bc0a5239bc053b39db0b5f09
  md5: 10569984e7db886e4f1abc2b47ad79a1
  constrains:
  - binutils_impl_linux-64 2.40
  license: GPL-3.0-only
  license_family: GPL
  size: 713322
  timestamp: 1713651222435
- kind: conda
  name: libblas
  version: 3.9.0
  build: 22_linux64_openblas
  build_number: 22
  subdir: linux-64
  url: https://conda.anaconda.org/conda-forge/linux-64/libblas-3.9.0-22_linux64_openblas.conda
  sha256: 082b8ac20d43a7bbcdc28b3b1cd40e4df3a8b5daf0a2d23d68953a44d2d12c1b
  md5: 1a2a0cd3153464fee6646f3dd6dad9b8
  depends:
  - libopenblas >=0.3.27,<0.3.28.0a0
  - libopenblas >=0.3.27,<1.0a0
  constrains:
  - libcblas 3.9.0 22_linux64_openblas
  - blas * openblas
  - liblapacke 3.9.0 22_linux64_openblas
  - liblapack 3.9.0 22_linux64_openblas
  license: BSD-3-Clause
  license_family: BSD
  size: 14537
  timestamp: 1712542250081
- kind: conda
  name: libcblas
  version: 3.9.0
  build: 22_linux64_openblas
  build_number: 22
  subdir: linux-64
  url: https://conda.anaconda.org/conda-forge/linux-64/libcblas-3.9.0-22_linux64_openblas.conda
  sha256: da1b2faa017663c8f5555c1c5518e96ac4cd8e0be2a673c1c9e2cb8507c8fe46
  md5: 4b31699e0ec5de64d5896e580389c9a1
  depends:
  - libblas 3.9.0 22_linux64_openblas
  constrains:
  - liblapack 3.9.0 22_linux64_openblas
  - blas * openblas
  - liblapacke 3.9.0 22_linux64_openblas
  license: BSD-3-Clause
  license_family: BSD
  size: 14438
  timestamp: 1712542270166
- kind: conda
  name: libffi
  version: 3.4.2
  build: h7f98852_5
  build_number: 5
  subdir: linux-64
  url: https://conda.anaconda.org/conda-forge/linux-64/libffi-3.4.2-h7f98852_5.tar.bz2
  sha256: ab6e9856c21709b7b517e940ae7028ae0737546122f83c2aa5d692860c3b149e
  md5: d645c6d2ac96843a2bfaccd2d62b3ac3
  depends:
  - libgcc-ng >=9.4.0
  license: MIT
  license_family: MIT
  size: 58292
  timestamp: 1636488182923
- kind: conda
  name: libgcc-ng
  version: 13.2.0
  build: h77fa898_7
  build_number: 7
  subdir: linux-64
  url: https://conda.anaconda.org/conda-forge/linux-64/libgcc-ng-13.2.0-h77fa898_7.conda
  sha256: 62af2b89acbe74a21606c8410c276e57309c0a2ab8a9e8639e3c8131c0b60c92
  md5: 72ec1b1b04c4d15d4204ece1ecea5978
  depends:
  - _libgcc_mutex 0.1 conda_forge
  - _openmp_mutex >=4.5
  constrains:
  - libgomp 13.2.0 h77fa898_7
  license: GPL-3.0-only WITH GCC-exception-3.1
  license_family: GPL
  size: 775806
  timestamp: 1715016057793
- kind: conda
  name: libgfortran-ng
  version: 13.2.0
  build: h69a702a_7
  build_number: 7
  subdir: linux-64
  url: https://conda.anaconda.org/conda-forge/linux-64/libgfortran-ng-13.2.0-h69a702a_7.conda
  sha256: a588e69f96b8e0983a8cdfdbf1dc75eb48189f5420ec71150c8d8cdc0a811a9b
  md5: 1b84f26d9f4f6026e179e7805d5a15cd
  depends:
  - libgfortran5 13.2.0 hca663fb_7
  license: GPL-3.0-only WITH GCC-exception-3.1
  license_family: GPL
  size: 24314
  timestamp: 1715016272844
- kind: conda
  name: libgfortran5
  version: 13.2.0
  build: hca663fb_7
  build_number: 7
  subdir: linux-64
  url: https://conda.anaconda.org/conda-forge/linux-64/libgfortran5-13.2.0-hca663fb_7.conda
  sha256: 754ab038115edce550fdccdc9ddf7dead2fa8346b8cdd4428c59ae1e83293978
  md5: c0bd771f09a326fdcd95a60b617795bf
  depends:
  - libgcc-ng >=13.2.0
  constrains:
  - libgfortran-ng 13.2.0
  license: GPL-3.0-only WITH GCC-exception-3.1
  license_family: GPL
  size: 1441361
  timestamp: 1715016068766
- kind: conda
  name: libgomp
  version: 13.2.0
  build: h77fa898_7
  build_number: 7
  subdir: linux-64
  url: https://conda.anaconda.org/conda-forge/linux-64/libgomp-13.2.0-h77fa898_7.conda
  sha256: 781444fa069d3b50e8ed667b750571cacda785761c7fc2a89ece1ac49693d4ad
  md5: abf3fec87c2563697defa759dec3d639
  depends:
  - _libgcc_mutex 0.1 conda_forge
  license: GPL-3.0-only WITH GCC-exception-3.1
  license_family: GPL
  size: 422336
  timestamp: 1715015995979
- kind: conda
  name: liblapack
  version: 3.9.0
  build: 22_linux64_openblas
  build_number: 22
  subdir: linux-64
  url: https://conda.anaconda.org/conda-forge/linux-64/liblapack-3.9.0-22_linux64_openblas.conda
  sha256: db246341d42f9100d45adeb1a7ba8b1ef5b51ceb9056fd643e98046a3259fde6
  md5: b083767b6c877e24ee597d93b87ab838
  depends:
  - libblas 3.9.0 22_linux64_openblas
  constrains:
  - libcblas 3.9.0 22_linux64_openblas
  - blas * openblas
  - liblapacke 3.9.0 22_linux64_openblas
  license: BSD-3-Clause
  license_family: BSD
  size: 14471
  timestamp: 1712542277696
- kind: conda
  name: libnsl
  version: 2.0.1
  build: hd590300_0
  subdir: linux-64
  url: https://conda.anaconda.org/conda-forge/linux-64/libnsl-2.0.1-hd590300_0.conda
  sha256: 26d77a3bb4dceeedc2a41bd688564fe71bf2d149fdcf117049970bc02ff1add6
  md5: 30fd6e37fe21f86f4bd26d6ee73eeec7
  depends:
  - libgcc-ng >=12
  license: LGPL-2.1-only
  license_family: GPL
  size: 33408
  timestamp: 1697359010159
- kind: conda
  name: libopenblas
  version: 0.3.27
  build: pthreads_h413a1c8_0
  subdir: linux-64
  url: https://conda.anaconda.org/conda-forge/linux-64/libopenblas-0.3.27-pthreads_h413a1c8_0.conda
  sha256: 2ae7559aed0705deb3f716c7b247c74fd1b5e35b64e39834ce8b95f7564d4a3e
  md5: a356024784da6dfd4683dc5ecf45b155
  depends:
  - libgcc-ng >=12
  - libgfortran-ng
  - libgfortran5 >=12.3.0
  constrains:
  - openblas >=0.3.27,<0.3.28.0a0
  license: BSD-3-Clause
  license_family: BSD
  size: 5598747
  timestamp: 1712364444346
- kind: conda
  name: libsqlite
  version: 3.45.3
  build: h2797004_0
  subdir: linux-64
  url: https://conda.anaconda.org/conda-forge/linux-64/libsqlite-3.45.3-h2797004_0.conda
  sha256: e2273d6860eadcf714a759ffb6dc24a69cfd01f2a0ea9d6c20f86049b9334e0c
  md5: b3316cbe90249da4f8e84cd66e1cc55b
  depends:
  - libgcc-ng >=12
  - libzlib >=1.2.13,<1.3.0a0
  license: Unlicense
  size: 859858
  timestamp: 1713367435849
- kind: conda
  name: libstdcxx-ng
  version: 13.2.0
  build: hc0a3c3a_7
  build_number: 7
  subdir: linux-64
  url: https://conda.anaconda.org/conda-forge/linux-64/libstdcxx-ng-13.2.0-hc0a3c3a_7.conda
  sha256: 35f1e08be0a84810c9075f5bd008495ac94e6c5fe306dfe4b34546f11fed850f
  md5: 53ebd4c833fa01cb2c6353e99f905406
  license: GPL-3.0-only WITH GCC-exception-3.1
  license_family: GPL
  size: 3837704
  timestamp: 1715016117360
- kind: conda
  name: libuuid
  version: 2.38.1
  build: h0b41bf4_0
  subdir: linux-64
  url: https://conda.anaconda.org/conda-forge/linux-64/libuuid-2.38.1-h0b41bf4_0.conda
  sha256: 787eb542f055a2b3de553614b25f09eefb0a0931b0c87dbcce6efdfd92f04f18
  md5: 40b61aab5c7ba9ff276c41cfffe6b80b
  depends:
  - libgcc-ng >=12
  license: BSD-3-Clause
  license_family: BSD
  size: 33601
  timestamp: 1680112270483
- kind: conda
  name: libzlib
  version: 1.2.13
  build: hd590300_5
  build_number: 5
  subdir: linux-64
  url: https://conda.anaconda.org/conda-forge/linux-64/libzlib-1.2.13-hd590300_5.conda
  sha256: 370c7c5893b737596fd6ca0d9190c9715d89d888b8c88537ae1ef168c25e82e4
  md5: f36c115f1ee199da648e0597ec2047ad
  depends:
  - libgcc-ng >=12
  constrains:
  - zlib 1.2.13 *_5
  license: Zlib
  license_family: Other
  size: 61588
  timestamp: 1686575217516
- kind: conda
  name: markupsafe
  version: 2.1.5
  build: py311h459d7ec_0
  subdir: linux-64
  url: https://conda.anaconda.org/conda-forge/linux-64/markupsafe-2.1.5-py311h459d7ec_0.conda
  sha256: 14912e557a6576e03f65991be89e9d289c6e301921b6ecfb4e7186ba974f453d
  md5: a322b4185121935c871d201ae00ac143
  depends:
  - libgcc-ng >=12
  - python >=3.11,<3.12.0a0
  - python_abi 3.11.* *_cp311
  constrains:
  - jinja2 >=3.0.0
  license: BSD-3-Clause
  license_family: BSD
  purls:
  - pkg:pypi/markupsafe
  size: 27502
  timestamp: 1706900084436
- kind: conda
  name: ncurses
  version: '6.5'
  build: h59595ed_0
  subdir: linux-64
  url: https://conda.anaconda.org/conda-forge/linux-64/ncurses-6.5-h59595ed_0.conda
  sha256: 4fc3b384f4072b68853a0013ea83bdfd3d66b0126e2238e1d6e1560747aa7586
  md5: fcea371545eda051b6deafb24889fc69
  depends:
  - libgcc-ng >=12
  license: X11 AND BSD-3-Clause
  size: 887465
  timestamp: 1715194722503
- kind: conda
  name: numpy
  version: 1.26.4
  build: py311h64a7726_0
  subdir: linux-64
  url: https://conda.anaconda.org/conda-forge/linux-64/numpy-1.26.4-py311h64a7726_0.conda
  sha256: 3f4365e11b28e244c95ba8579942b0802761ba7bb31c026f50d1a9ea9c728149
  md5: a502d7aad449a1206efb366d6a12c52d
  depends:
  - libblas >=3.9.0,<4.0a0
  - libcblas >=3.9.0,<4.0a0
  - libgcc-ng >=12
  - liblapack >=3.9.0,<4.0a0
  - libstdcxx-ng >=12
  - python >=3.11,<3.12.0a0
  - python_abi 3.11.* *_cp311
  constrains:
  - numpy-base <0a0
  license: BSD-3-Clause
  license_family: BSD
  purls:
  - pkg:pypi/numpy
  size: 8065890
  timestamp: 1707225944355
- kind: conda
  name: openssl
  version: 3.3.0
  build: hd590300_0
  subdir: linux-64
  url: https://conda.anaconda.org/conda-forge/linux-64/openssl-3.3.0-hd590300_0.conda
  sha256: fdbf05e4db88c592366c90bb82e446edbe33c6e49e5130d51c580b2629c0b5d5
  md5: c0f3abb4a16477208bbd43a39bd56f18
  depends:
  - ca-certificates
  - libgcc-ng >=12
  constrains:
  - pyopenssl >=22.1
  license: Apache-2.0
  license_family: Apache
  size: 2895187
  timestamp: 1714466138265
- kind: conda
  name: pysocks
  version: 1.7.1
  build: pyha2e5f31_6
  build_number: 6
  subdir: noarch
  noarch: python
  url: https://conda.anaconda.org/conda-forge/noarch/pysocks-1.7.1-pyha2e5f31_6.tar.bz2
  sha256: a42f826e958a8d22e65b3394f437af7332610e43ee313393d1cf143f0a2d274b
  md5: 2a7de29fb590ca14b5243c4c812c8025
  depends:
  - __unix
  - python >=3.8
  license: BSD-3-Clause
  license_family: BSD
  purls:
  - pkg:pypi/pysocks
  size: 18981
  timestamp: 1661604969727
- kind: conda
  name: python
  version: 3.11.0
  build: he550d4f_1_cpython
  build_number: 1
  subdir: linux-64
  url: https://conda.anaconda.org/conda-forge/linux-64/python-3.11.0-he550d4f_1_cpython.conda
  sha256: 464f998e406b645ba34771bb53a0a7c2734e855ee78dd021aa4dedfdb65659b7
  md5: 8d14fc2aa12db370a443753c8230be1e
  depends:
  - bzip2 >=1.0.8,<2.0a0
  - ld_impl_linux-64 >=2.36.1
  - libffi >=3.4,<4.0a0
  - libgcc-ng >=12
  - libnsl >=2.0.0,<2.1.0a0
  - libsqlite >=3.40.0,<4.0a0
  - libuuid >=2.32.1,<3.0a0
  - libzlib >=1.2.13,<1.3.0a0
  - ncurses >=6.3,<7.0a0
  - openssl >=3.0.7,<4.0a0
  - readline >=8.1.2,<9.0a0
  - tk >=8.6.12,<8.7.0a0
  - tzdata
  - xz >=5.2.6,<6.0a0
  constrains:
  - python_abi 3.11.* *_cp311
  license: Python-2.0
  size: 31476523
  timestamp: 1673700777998
- kind: conda
  name: python_abi
  version: '3.11'
  build: 4_cp311
  build_number: 4
  subdir: linux-64
  url: https://conda.anaconda.org/conda-forge/linux-64/python_abi-3.11-4_cp311.conda
  sha256: 0be3ac1bf852d64f553220c7e6457e9c047dfb7412da9d22fbaa67e60858b3cf
  md5: d786502c97404c94d7d58d258a445a65
  constrains:
  - python 3.11.* *_cpython
  license: BSD-3-Clause
  license_family: BSD
  size: 6385
  timestamp: 1695147338551
- kind: conda
  name: readline
  version: '8.2'
  build: h8228510_1
  build_number: 1
  subdir: linux-64
  url: https://conda.anaconda.org/conda-forge/linux-64/readline-8.2-h8228510_1.conda
  sha256: 5435cf39d039387fbdc977b0a762357ea909a7694d9528ab40f005e9208744d7
  md5: 47d31b792659ce70f470b5c82fdfb7a4
  depends:
  - libgcc-ng >=12
  - ncurses >=6.3,<7.0a0
  license: GPL-3.0-only
  license_family: GPL
  size: 281456
  timestamp: 1679532220005
- kind: conda
  name: requests
  version: 2.31.0
  build: pyhd8ed1ab_0
  subdir: noarch
  noarch: python
  url: https://conda.anaconda.org/conda-forge/noarch/requests-2.31.0-pyhd8ed1ab_0.conda
  sha256: 9f629d6fd3c8ac5f2a198639fe7af87c4db2ac9235279164bfe0fcb49d8c4bad
  md5: a30144e4156cdbb236f99ebb49828f8b
  depends:
  - certifi >=2017.4.17
  - charset-normalizer >=2,<4
  - idna >=2.5,<4
  - python >=3.7
  - urllib3 >=1.21.1,<3
  constrains:
  - chardet >=3.0.2,<6
  license: Apache-2.0
  license_family: APACHE
  purls:
  - pkg:pypi/requests
  size: 56690
  timestamp: 1684774408600
- kind: conda
  name: sqlparse
  version: 0.5.0
  build: pyhd8ed1ab_0
  subdir: noarch
  noarch: python
  url: https://conda.anaconda.org/conda-forge/noarch/sqlparse-0.5.0-pyhd8ed1ab_0.conda
  sha256: f8491e5653c94496547f4b9ec62ccf37493ec8088b22fee77d49e4c06c3e15ff
  md5: 4dd428bd295ba44babd13050f2bcc622
  depends:
  - python >=3.8
  license: BSD-3-Clause
  license_family: BSD
  purls:
  - pkg:pypi/sqlparse
  size: 40213
  timestamp: 1715014142293
- kind: conda
  name: tk
  version: 8.6.13
  build: noxft_h4845f30_101
  build_number: 101
  subdir: linux-64
  url: https://conda.anaconda.org/conda-forge/linux-64/tk-8.6.13-noxft_h4845f30_101.conda
  sha256: e0569c9caa68bf476bead1bed3d79650bb080b532c64a4af7d8ca286c08dea4e
  md5: d453b98d9c83e71da0741bb0ff4d76bc
  depends:
  - libgcc-ng >=12
  - libzlib >=1.2.13,<1.3.0a0
  license: TCL
  license_family: BSD
  size: 3318875
  timestamp: 1699202167581
- kind: conda
  name: typing_extensions
  version: 4.11.0
  build: pyha770c72_0
  subdir: noarch
  noarch: python
  url: https://conda.anaconda.org/conda-forge/noarch/typing_extensions-4.11.0-pyha770c72_0.conda
  sha256: a7e8714d14f854058e971a6ed44f18cc37cc685f98ddefb2e6b7899a0cc4d1a2
  md5: 6ef2fc37559256cf682d8b3375e89b80
  depends:
  - python >=3.8
  license: PSF-2.0
  license_family: PSF
  purls:
  - pkg:pypi/typing-extensions
  size: 37583
  timestamp: 1712330089194
- kind: conda
  name: tzdata
  version: 2024a
  build: h0c530f3_0
  subdir: noarch
  noarch: generic
  url: https://conda.anaconda.org/conda-forge/noarch/tzdata-2024a-h0c530f3_0.conda
  sha256: 7b2b69c54ec62a243eb6fba2391b5e443421608c3ae5dbff938ad33ca8db5122
  md5: 161081fc7cec0bfda0d86d7cb595f8d8
  license: LicenseRef-Public-Domain
  size: 119815
  timestamp: 1706886945727
- kind: conda
  name: urllib3
  version: 2.2.1
  build: pyhd8ed1ab_0
  subdir: noarch
  noarch: python
  url: https://conda.anaconda.org/conda-forge/noarch/urllib3-2.2.1-pyhd8ed1ab_0.conda
  sha256: d4009dcc9327684d6409706ce17656afbeae690d8522d3c9bc4df57649a352cd
  md5: 08807a87fa7af10754d46f63b368e016
  depends:
  - brotli-python >=1.0.9
  - pysocks >=1.5.6,<2.0,!=1.5.7
  - python >=3.7
  license: MIT
  license_family: MIT
  purls:
  - pkg:pypi/urllib3
  size: 94669
  timestamp: 1708239595549
- kind: conda
  name: xyzservices
  version: 2024.4.0
  build: pyhd8ed1ab_0
  subdir: noarch
  noarch: python
  url: https://conda.anaconda.org/conda-forge/noarch/xyzservices-2024.4.0-pyhd8ed1ab_0.conda
  sha256: 4e095631b52a78bbd9b53f28eb79b0c8f448d9509cf0451e99c2f3f85576f114
  md5: 93dffc47dadbe36a1a644f3f50d4979d
  depends:
  - python >=3.8
  license: BSD-3-Clause
  license_family: BSD
  purls:
  - pkg:pypi/xyzservices
  size: 46179
  timestamp: 1712210047952
- kind: conda
  name: xz
  version: 5.2.6
  build: h166bdaf_0
  subdir: linux-64
  url: https://conda.anaconda.org/conda-forge/linux-64/xz-5.2.6-h166bdaf_0.tar.bz2
  sha256: 03a6d28ded42af8a347345f82f3eebdd6807a08526d47899a42d62d319609162
  md5: 2161070d867d1b1204ea749c8eec4ef0
  depends:
  - libgcc-ng >=12
  license: LGPL-2.1 and GPL-2.0
  size: 418368
  timestamp: 1660346797927
